// !$*UTF8*$!
{
	archiveVersion = 1;
	classes = {
	};
	objectVersion = 46;
	objects = {

/* Begin PBXBuildFile section */
		0466B505B4A26F89B3DD460A /* Pods_APExtensions_Example.framework in Frameworks */ = {isa = PBXBuildFile; fileRef = BABAC99683403EA4DAC7C897 /* Pods_APExtensions_Example.framework */; };
		0D11DF6E26D4405600FA8C7C /* Occupiable_Spec.swift in Sources */ = {isa = PBXBuildFile; fileRef = 0D11DF6D26D4405600FA8C7C /* Occupiable_Spec.swift */; };
		0D1410D92205FF3A002BB8C5 /* String_asURL_Spec.swift in Sources */ = {isa = PBXBuildFile; fileRef = 0D1410D82205FF3A002BB8C5 /* String_asURL_Spec.swift */; };
		0D15797923C22FF7007402BD /* Constants_isRunningUnitTests_Spec.swift in Sources */ = {isa = PBXBuildFile; fileRef = 0D15797823C22FF5007402BD /* Constants_isRunningUnitTests_Spec.swift */; };
		0D15798123C2308A007402BD /* APExtensions_UITests.swift in Sources */ = {isa = PBXBuildFile; fileRef = 0D15798023C2308A007402BD /* APExtensions_UITests.swift */; };
		0D20D61C2607449F00767851 /* Bundle_Spec.swift in Sources */ = {isa = PBXBuildFile; fileRef = 0D20D61B2607449F00767851 /* Bundle_Spec.swift */; };
		0D6869E92555D3CC00C1D884 /* CustomPageSizeVC.swift in Sources */ = {isa = PBXBuildFile; fileRef = 0D6869E62555D3CC00C1D884 /* CustomPageSizeVC.swift */; };
		607FACD61AFB9204008FA782 /* AppDelegate.swift in Sources */ = {isa = PBXBuildFile; fileRef = 607FACD51AFB9204008FA782 /* AppDelegate.swift */; };
		607FACD81AFB9204008FA782 /* ViewController.swift in Sources */ = {isa = PBXBuildFile; fileRef = 607FACD71AFB9204008FA782 /* ViewController.swift */; };
		607FACDB1AFB9204008FA782 /* Main.storyboard in Resources */ = {isa = PBXBuildFile; fileRef = 607FACD91AFB9204008FA782 /* Main.storyboard */; };
		607FACDD1AFB9204008FA782 /* Images.xcassets in Resources */ = {isa = PBXBuildFile; fileRef = 607FACDC1AFB9204008FA782 /* Images.xcassets */; };
		607FACE01AFB9204008FA782 /* LaunchScreen.xib in Resources */ = {isa = PBXBuildFile; fileRef = 607FACDE1AFB9204008FA782 /* LaunchScreen.xib */; };
		B003222B200374E10020E171 /* RemoveToTheRootViewController.swift in Sources */ = {isa = PBXBuildFile; fileRef = B0032229200374E10020E171 /* RemoveToTheRootViewController.swift */; };
		B086B4EE1F4353FD00D7B4B7 /* SetupOnceProtocolExample.swift in Sources */ = {isa = PBXBuildFile; fileRef = B086B4ED1F4353FD00D7B4B7 /* SetupOnceProtocolExample.swift */; };
		B0A073C21F3B741B001B8CC6 /* uiview.png in Resources */ = {isa = PBXBuildFile; fileRef = B0A073C11F3B741B001B8CC6 /* uiview.png */; };
		B0A073C41F3B7563001B8CC6 /* nslayoutconstraint.png in Resources */ = {isa = PBXBuildFile; fileRef = B0A073C31F3B7562001B8CC6 /* nslayoutconstraint.png */; };
		B0A073C61F3B7708001B8CC6 /* uibutton.png in Resources */ = {isa = PBXBuildFile; fileRef = B0A073C51F3B7707001B8CC6 /* uibutton.png */; };
		B0A073C81F3B7954001B8CC6 /* UIImageView.png in Resources */ = {isa = PBXBuildFile; fileRef = B0A073C71F3B7954001B8CC6 /* UIImageView.png */; };
		B0A073CA1F3B7978001B8CC6 /* UILabel.png in Resources */ = {isa = PBXBuildFile; fileRef = B0A073C91F3B7978001B8CC6 /* UILabel.png */; };
		B0A073CC1F3B79A8001B8CC6 /* UIScrollView.png in Resources */ = {isa = PBXBuildFile; fileRef = B0A073CB1F3B79A8001B8CC6 /* UIScrollView.png */; };
		B0A073CE1F3B79EE001B8CC6 /* UITextView.png in Resources */ = {isa = PBXBuildFile; fileRef = B0A073CD1F3B79EE001B8CC6 /* UITextView.png */; };
		B0A073D01F3B7A3F001B8CC6 /* UIViewController.png in Resources */ = {isa = PBXBuildFile; fileRef = B0A073CF1F3B7A3F001B8CC6 /* UIViewController.png */; };
		B0BBEDAF1FBB46A2000CBD87 /* ScrollToBottomViewController.swift in Sources */ = {isa = PBXBuildFile; fileRef = B0BBEDAD1FBB46A2000CBD87 /* ScrollToBottomViewController.swift */; };
		E3DABEAA437594DEB695EFC4 /* Pods_APExtensions_Tests.framework in Frameworks */ = {isa = PBXBuildFile; fileRef = 458AC9F0D8587C1FFF6C8CA4 /* Pods_APExtensions_Tests.framework */; };
/* End PBXBuildFile section */

/* Begin PBXContainerItemProxy section */
		0D15798323C2308A007402BD /* PBXContainerItemProxy */ = {
			isa = PBXContainerItemProxy;
			containerPortal = 607FACC81AFB9204008FA782 /* Project object */;
			proxyType = 1;
			remoteGlobalIDString = 607FACCF1AFB9204008FA782;
			remoteInfo = APExtensions_Example;
		};
		607FACE61AFB9204008FA782 /* PBXContainerItemProxy */ = {
			isa = PBXContainerItemProxy;
			containerPortal = 607FACC81AFB9204008FA782 /* Project object */;
			proxyType = 1;
			remoteGlobalIDString = 607FACCF1AFB9204008FA782;
			remoteInfo = APExtensions;
		};
/* End PBXContainerItemProxy section */

/* Begin PBXFileReference section */
		02237C3924CDA9B9ADD6620C /* Pods-APExtensions_Example.debug.xcconfig */ = {isa = PBXFileReference; includeInIndex = 1; lastKnownFileType = text.xcconfig; name = "Pods-APExtensions_Example.debug.xcconfig"; path = "Target Support Files/Pods-APExtensions_Example/Pods-APExtensions_Example.debug.xcconfig"; sourceTree = "<group>"; };
		06C843E967CF077415EBF867 /* Pods-APExtensions_Tests.debug.xcconfig */ = {isa = PBXFileReference; includeInIndex = 1; lastKnownFileType = text.xcconfig; name = "Pods-APExtensions_Tests.debug.xcconfig"; path = "Target Support Files/Pods-APExtensions_Tests/Pods-APExtensions_Tests.debug.xcconfig"; sourceTree = "<group>"; };
		0D11DF6D26D4405600FA8C7C /* Occupiable_Spec.swift */ = {isa = PBXFileReference; lastKnownFileType = sourcecode.swift; path = Occupiable_Spec.swift; sourceTree = "<group>"; };
		0D1410D82205FF3A002BB8C5 /* String_asURL_Spec.swift */ = {isa = PBXFileReference; lastKnownFileType = sourcecode.swift; path = String_asURL_Spec.swift; sourceTree = "<group>"; };
		0D15797823C22FF5007402BD /* Constants_isRunningUnitTests_Spec.swift */ = {isa = PBXFileReference; lastKnownFileType = sourcecode.swift; path = Constants_isRunningUnitTests_Spec.swift; sourceTree = "<group>"; };
		0D15797E23C2308A007402BD /* APExtensions_UITests.xctest */ = {isa = PBXFileReference; explicitFileType = wrapper.cfbundle; includeInIndex = 0; path = APExtensions_UITests.xctest; sourceTree = BUILT_PRODUCTS_DIR; };
		0D15798023C2308A007402BD /* APExtensions_UITests.swift */ = {isa = PBXFileReference; lastKnownFileType = sourcecode.swift; path = APExtensions_UITests.swift; sourceTree = "<group>"; };
		0D15798223C2308A007402BD /* Info.plist */ = {isa = PBXFileReference; lastKnownFileType = text.plist.xml; path = Info.plist; sourceTree = "<group>"; };
		0D20D61B2607449F00767851 /* Bundle_Spec.swift */ = {isa = PBXFileReference; lastKnownFileType = sourcecode.swift; path = Bundle_Spec.swift; sourceTree = "<group>"; };
		0D4630D523C241DD00108415 /* Simulator_UITests_Environment.json */ = {isa = PBXFileReference; lastKnownFileType = text.json; path = Simulator_UITests_Environment.json; sourceTree = "<group>"; };
		0D4630D723C2429600108415 /* computeDiff.command */ = {isa = PBXFileReference; lastKnownFileType = text.script.sh; path = computeDiff.command; sourceTree = "<group>"; };
		0D4630D823C2442800108415 /* UnitTests_Unique.json */ = {isa = PBXFileReference; lastKnownFileType = text.json; path = UnitTests_Unique.json; sourceTree = "<group>"; };
		0D4630D923C2443B00108415 /* UITests_Unique.json */ = {isa = PBXFileReference; lastKnownFileType = text.json; path = UITests_Unique.json; sourceTree = "<group>"; };
		0D59C2092624D8820073C456 /* carthageUpdate.command */ = {isa = PBXFileReference; lastKnownFileType = text.script.sh; name = carthageUpdate.command; path = ../CarthageSupport/Scripts/Carthage/carthageUpdate.command; sourceTree = "<group>"; };
		0D6869E62555D3CC00C1D884 /* CustomPageSizeVC.swift */ = {isa = PBXFileReference; lastKnownFileType = sourcecode.swift; path = CustomPageSizeVC.swift; sourceTree = "<group>"; };
		0DE44C7D23C236A000E157DE /* Simulator_UnitTests_Environment.json */ = {isa = PBXFileReference; lastKnownFileType = text.json; path = Simulator_UnitTests_Environment.json; sourceTree = "<group>"; };
		0DE44C7E23C236C700E157DE /* Simulator_NotTests_Environment.json */ = {isa = PBXFileReference; lastKnownFileType = text.json; path = Simulator_NotTests_Environment.json; sourceTree = "<group>"; };
		1E18FF74BED638A6CBB3398F /* .gitignore */ = {isa = PBXFileReference; includeInIndex = 1; lastKnownFileType = text; name = .gitignore; path = ../.gitignore; sourceTree = "<group>"; };
		32419D24EFD29E6FBBA7030A /* APExtensions.podspec */ = {isa = PBXFileReference; includeInIndex = 1; lastKnownFileType = text; name = APExtensions.podspec; path = ../APExtensions.podspec; sourceTree = "<group>"; xcLanguageSpecificationIdentifier = xcode.lang.ruby; };
		458AC9F0D8587C1FFF6C8CA4 /* Pods_APExtensions_Tests.framework */ = {isa = PBXFileReference; explicitFileType = wrapper.framework; includeInIndex = 0; path = Pods_APExtensions_Tests.framework; sourceTree = BUILT_PRODUCTS_DIR; };
		607FACD01AFB9204008FA782 /* APExtensions_Example.app */ = {isa = PBXFileReference; explicitFileType = wrapper.application; includeInIndex = 0; path = APExtensions_Example.app; sourceTree = BUILT_PRODUCTS_DIR; };
		607FACD41AFB9204008FA782 /* Info.plist */ = {isa = PBXFileReference; lastKnownFileType = text.plist.xml; path = Info.plist; sourceTree = "<group>"; };
		607FACD51AFB9204008FA782 /* AppDelegate.swift */ = {isa = PBXFileReference; lastKnownFileType = sourcecode.swift; path = AppDelegate.swift; sourceTree = "<group>"; };
		607FACD71AFB9204008FA782 /* ViewController.swift */ = {isa = PBXFileReference; lastKnownFileType = sourcecode.swift; path = ViewController.swift; sourceTree = "<group>"; };
		607FACDA1AFB9204008FA782 /* Base */ = {isa = PBXFileReference; lastKnownFileType = file.storyboard; name = Base; path = Base.lproj/Main.storyboard; sourceTree = "<group>"; };
		607FACDC1AFB9204008FA782 /* Images.xcassets */ = {isa = PBXFileReference; lastKnownFileType = folder.assetcatalog; path = Images.xcassets; sourceTree = "<group>"; };
		607FACDF1AFB9204008FA782 /* Base */ = {isa = PBXFileReference; lastKnownFileType = file.xib; name = Base; path = Base.lproj/LaunchScreen.xib; sourceTree = "<group>"; };
		607FACE51AFB9204008FA782 /* APExtensions_Tests.xctest */ = {isa = PBXFileReference; explicitFileType = wrapper.cfbundle; includeInIndex = 0; path = APExtensions_Tests.xctest; sourceTree = BUILT_PRODUCTS_DIR; };
		607FACEA1AFB9204008FA782 /* Info.plist */ = {isa = PBXFileReference; lastKnownFileType = text.plist.xml; path = Info.plist; sourceTree = "<group>"; };
		6DD9873A2D21E9C32B4D7142 /* Pods-APExtensions_Tests.release.xcconfig */ = {isa = PBXFileReference; includeInIndex = 1; lastKnownFileType = text.xcconfig; name = "Pods-APExtensions_Tests.release.xcconfig"; path = "Target Support Files/Pods-APExtensions_Tests/Pods-APExtensions_Tests.release.xcconfig"; sourceTree = "<group>"; };
		895151147DD030FCD8CDF572 /* Pods-APExtensions_Example-APExtensions_UITests.debug.xcconfig */ = {isa = PBXFileReference; includeInIndex = 1; lastKnownFileType = text.xcconfig; name = "Pods-APExtensions_Example-APExtensions_UITests.debug.xcconfig"; path = "Target Support Files/Pods-APExtensions_Example-APExtensions_UITests/Pods-APExtensions_Example-APExtensions_UITests.debug.xcconfig"; sourceTree = "<group>"; };
		99E1AC5C268B8B21D4383758 /* Pods-APExtensions_Example.release.xcconfig */ = {isa = PBXFileReference; includeInIndex = 1; lastKnownFileType = text.xcconfig; name = "Pods-APExtensions_Example.release.xcconfig"; path = "Target Support Files/Pods-APExtensions_Example/Pods-APExtensions_Example.release.xcconfig"; sourceTree = "<group>"; };
		A57474C800BA2A652ED8F4FB /* CHANGELOG.md */ = {isa = PBXFileReference; includeInIndex = 1; lastKnownFileType = net.daringfireball.markdown; name = CHANGELOG.md; path = ../CHANGELOG.md; sourceTree = "<group>"; };
		B0032229200374E10020E171 /* RemoveToTheRootViewController.swift */ = {isa = PBXFileReference; lastKnownFileType = sourcecode.swift; path = RemoveToTheRootViewController.swift; sourceTree = "<group>"; };
		B004134E202E0EA400B58E18 /* updateDocs.command */ = {isa = PBXFileReference; lastKnownFileType = text.script.sh; name = updateDocs.command; path = ../updateDocs.command; sourceTree = "<group>"; };
		B086B4ED1F4353FD00D7B4B7 /* SetupOnceProtocolExample.swift */ = {isa = PBXFileReference; fileEncoding = 4; lastKnownFileType = sourcecode.swift; path = SetupOnceProtocolExample.swift; sourceTree = "<group>"; };
		B0A073C11F3B741B001B8CC6 /* uiview.png */ = {isa = PBXFileReference; lastKnownFileType = image.png; path = uiview.png; sourceTree = "<group>"; };
		B0A073C31F3B7562001B8CC6 /* nslayoutconstraint.png */ = {isa = PBXFileReference; lastKnownFileType = image.png; path = nslayoutconstraint.png; sourceTree = "<group>"; };
		B0A073C51F3B7707001B8CC6 /* uibutton.png */ = {isa = PBXFileReference; lastKnownFileType = image.png; path = uibutton.png; sourceTree = "<group>"; };
		B0A073C71F3B7954001B8CC6 /* UIImageView.png */ = {isa = PBXFileReference; lastKnownFileType = image.png; path = UIImageView.png; sourceTree = "<group>"; };
		B0A073C91F3B7978001B8CC6 /* UILabel.png */ = {isa = PBXFileReference; lastKnownFileType = image.png; path = UILabel.png; sourceTree = "<group>"; };
		B0A073CB1F3B79A8001B8CC6 /* UIScrollView.png */ = {isa = PBXFileReference; lastKnownFileType = image.png; path = UIScrollView.png; sourceTree = "<group>"; };
		B0A073CD1F3B79EE001B8CC6 /* UITextView.png */ = {isa = PBXFileReference; lastKnownFileType = image.png; path = UITextView.png; sourceTree = "<group>"; };
		B0A073CF1F3B7A3F001B8CC6 /* UIViewController.png */ = {isa = PBXFileReference; lastKnownFileType = image.png; path = UIViewController.png; sourceTree = "<group>"; };
		B0BBEDAD1FBB46A2000CBD87 /* ScrollToBottomViewController.swift */ = {isa = PBXFileReference; lastKnownFileType = sourcecode.swift; path = ScrollToBottomViewController.swift; sourceTree = "<group>"; };
		B0E5B43621138735005D8319 /* checkBuild.command */ = {isa = PBXFileReference; lastKnownFileType = text.script.sh; name = checkBuild.command; path = ../checkBuild.command; sourceTree = "<group>"; };
		B0FD60272040960D004C1D01 /* DEPLOY PROCESS.md */ = {isa = PBXFileReference; lastKnownFileType = net.daringfireball.markdown; name = "DEPLOY PROCESS.md"; path = "../DEPLOY PROCESS.md"; sourceTree = "<group>"; };
		B7A07FA220F82B576CEC7EF3 /* podCheck.command */ = {isa = PBXFileReference; includeInIndex = 1; lastKnownFileType = text.script.sh; name = podCheck.command; path = ../podCheck.command; sourceTree = "<group>"; };
		BABAC99683403EA4DAC7C897 /* Pods_APExtensions_Example.framework */ = {isa = PBXFileReference; explicitFileType = wrapper.framework; includeInIndex = 0; path = Pods_APExtensions_Example.framework; sourceTree = BUILT_PRODUCTS_DIR; };
		BE3B1BF1D9E4EDA304E77323 /* LICENSE */ = {isa = PBXFileReference; includeInIndex = 1; lastKnownFileType = text; name = LICENSE; path = ../LICENSE; sourceTree = "<group>"; };
		C1980566B39F5799ED4A250D /* README.md */ = {isa = PBXFileReference; includeInIndex = 1; lastKnownFileType = net.daringfireball.markdown; name = README.md; path = ../README.md; sourceTree = "<group>"; };
		C2FF588CBB9626B96C282BC5 /* .cocoadocs.yml */ = {isa = PBXFileReference; includeInIndex = 1; lastKnownFileType = text; name = .cocoadocs.yml; path = ../.cocoadocs.yml; sourceTree = "<group>"; };
		E53E65A9720A8DB4BF881A05 /* podPush.command */ = {isa = PBXFileReference; includeInIndex = 1; lastKnownFileType = text.script.sh; name = podPush.command; path = ../podPush.command; sourceTree = "<group>"; };
		E60E577FA62486502305A0F4 /* .travis.yml */ = {isa = PBXFileReference; includeInIndex = 1; lastKnownFileType = text; name = .travis.yml; path = ../.travis.yml; sourceTree = "<group>"; };
		F69F65646AB6281CC2F972B1 /* Pods-APExtensions_Example-APExtensions_UITests.release.xcconfig */ = {isa = PBXFileReference; includeInIndex = 1; lastKnownFileType = text.xcconfig; name = "Pods-APExtensions_Example-APExtensions_UITests.release.xcconfig"; path = "Target Support Files/Pods-APExtensions_Example-APExtensions_UITests/Pods-APExtensions_Example-APExtensions_UITests.release.xcconfig"; sourceTree = "<group>"; };
/* End PBXFileReference section */

/* Begin PBXFrameworksBuildPhase section */
		0D15797B23C2308A007402BD /* Frameworks */ = {
			isa = PBXFrameworksBuildPhase;
			buildActionMask = 2147483647;
			files = (
			);
			runOnlyForDeploymentPostprocessing = 0;
		};
		607FACCD1AFB9204008FA782 /* Frameworks */ = {
			isa = PBXFrameworksBuildPhase;
			buildActionMask = 2147483647;
			files = (
				0466B505B4A26F89B3DD460A /* Pods_APExtensions_Example.framework in Frameworks */,
			);
			runOnlyForDeploymentPostprocessing = 0;
		};
		607FACE21AFB9204008FA782 /* Frameworks */ = {
			isa = PBXFrameworksBuildPhase;
			buildActionMask = 2147483647;
			files = (
				E3DABEAA437594DEB695EFC4 /* Pods_APExtensions_Tests.framework in Frameworks */,
			);
			runOnlyForDeploymentPostprocessing = 0;
		};
/* End PBXFrameworksBuildPhase section */

/* Begin PBXGroup section */
		0D15797F23C2308A007402BD /* UITests */ = {
			isa = PBXGroup;
			children = (
				0D15798023C2308A007402BD /* APExtensions_UITests.swift */,
				0D15798223C2308A007402BD /* Info.plist */,
			);
			path = UITests;
			sourceTree = "<group>";
		};
		0D20D61A2607448A00767851 /* Specs */ = {
			isa = PBXGroup;
			children = (
				0D4630D623C2426900108415 /* IsTests */,
				0D1410D82205FF3A002BB8C5 /* String_asURL_Spec.swift */,
				0D20D61B2607449F00767851 /* Bundle_Spec.swift */,
				0D11DF6D26D4405600FA8C7C /* Occupiable_Spec.swift */,
			);
			name = Specs;
			sourceTree = "<group>";
		};
		0D4630D623C2426900108415 /* IsTests */ = {
			isa = PBXGroup;
			children = (
				0D4630D723C2429600108415 /* computeDiff.command */,
				0DE44C7E23C236C700E157DE /* Simulator_NotTests_Environment.json */,
				0D4630D523C241DD00108415 /* Simulator_UITests_Environment.json */,
				0DE44C7D23C236A000E157DE /* Simulator_UnitTests_Environment.json */,
				0D4630D923C2443B00108415 /* UITests_Unique.json */,
				0D4630D823C2442800108415 /* UnitTests_Unique.json */,
				0D15797823C22FF5007402BD /* Constants_isRunningUnitTests_Spec.swift */,
			);
			name = IsTests;
			sourceTree = "<group>";
		};
		0D6869E32555D3BB00C1D884 /* _CustomPageSize */ = {
			isa = PBXGroup;
			children = (
				0D6869E62555D3CC00C1D884 /* CustomPageSizeVC.swift */,
			);
			name = _CustomPageSize;
			sourceTree = "<group>";
		};
		3D52F793FCECDFB20FED898D /* Frameworks */ = {
			isa = PBXGroup;
			children = (
				BABAC99683403EA4DAC7C897 /* Pods_APExtensions_Example.framework */,
				458AC9F0D8587C1FFF6C8CA4 /* Pods_APExtensions_Tests.framework */,
			);
			name = Frameworks;
			sourceTree = "<group>";
		};
		607FACC71AFB9204008FA782 = {
			isa = PBXGroup;
			children = (
				607FACF51AFB993E008FA782 /* _ */,
				607FACD21AFB9204008FA782 /* Example for APExtensions */,
				607FACD11AFB9204008FA782 /* Products */,
				607FACE81AFB9204008FA782 /* Tests */,
				0D15797F23C2308A007402BD /* UITests */,
				FFB7B80810C01F136E7DE7D8 /* Pods */,
				3D52F793FCECDFB20FED898D /* Frameworks */,
			);
			sourceTree = "<group>";
		};
		607FACD11AFB9204008FA782 /* Products */ = {
			isa = PBXGroup;
			children = (
				607FACD01AFB9204008FA782 /* APExtensions_Example.app */,
				607FACE51AFB9204008FA782 /* APExtensions_Tests.xctest */,
				0D15797E23C2308A007402BD /* APExtensions_UITests.xctest */,
			);
			name = Products;
			sourceTree = "<group>";
		};
		607FACD21AFB9204008FA782 /* Example for APExtensions */ = {
			isa = PBXGroup;
			children = (
				0D6869E32555D3BB00C1D884 /* _CustomPageSize */,
				B06688E51F13EAB800A02878 /* _Gifs */,
				B06688E41F13EAB300A02878 /* _Images */,
				B0032227200374C50020E171 /* _RemoveToTheRoot */,
				B0BBEDAB1FBB4684000CBD87 /* _ScrollToBottom */,
				607FACD31AFB9204008FA782 /* _Supporting Files */,
				607FACD51AFB9204008FA782 /* AppDelegate.swift */,
				607FACDC1AFB9204008FA782 /* Images.xcassets */,
				607FACDE1AFB9204008FA782 /* LaunchScreen.xib */,
				607FACD91AFB9204008FA782 /* Main.storyboard */,
				B086B4ED1F4353FD00D7B4B7 /* SetupOnceProtocolExample.swift */,
				607FACD71AFB9204008FA782 /* ViewController.swift */,
			);
			name = "Example for APExtensions";
			path = APExtensions;
			sourceTree = "<group>";
		};
		607FACD31AFB9204008FA782 /* _Supporting Files */ = {
			isa = PBXGroup;
			children = (
				607FACD41AFB9204008FA782 /* Info.plist */,
			);
			name = "_Supporting Files";
			sourceTree = "<group>";
		};
		607FACE81AFB9204008FA782 /* Tests */ = {
			isa = PBXGroup;
			children = (
				0D20D61A2607448A00767851 /* Specs */,
				607FACE91AFB9204008FA782 /* _Supporting Files */,
			);
			path = Tests;
			sourceTree = "<group>";
		};
		607FACE91AFB9204008FA782 /* _Supporting Files */ = {
			isa = PBXGroup;
			children = (
				607FACEA1AFB9204008FA782 /* Info.plist */,
			);
			name = "_Supporting Files";
			sourceTree = "<group>";
		};
		607FACF51AFB993E008FA782 /* _ */ = {
			isa = PBXGroup;
			children = (
				C2FF588CBB9626B96C282BC5 /* .cocoadocs.yml */,
				1E18FF74BED638A6CBB3398F /* .gitignore */,
				E60E577FA62486502305A0F4 /* .travis.yml */,
				32419D24EFD29E6FBBA7030A /* APExtensions.podspec */,
				A57474C800BA2A652ED8F4FB /* CHANGELOG.md */,
				B0FD60272040960D004C1D01 /* DEPLOY PROCESS.md */,
				BE3B1BF1D9E4EDA304E77323 /* LICENSE */,
				C1980566B39F5799ED4A250D /* README.md */,
				0D59C2092624D8820073C456 /* carthageUpdate.command */,
				B0E5B43621138735005D8319 /* checkBuild.command */,
				B7A07FA220F82B576CEC7EF3 /* podCheck.command */,
				E53E65A9720A8DB4BF881A05 /* podPush.command */,
				B004134E202E0EA400B58E18 /* updateDocs.command */,
			);
			name = _;
			sourceTree = "<group>";
		};
		B0032227200374C50020E171 /* _RemoveToTheRoot */ = {
			isa = PBXGroup;
			children = (
				B0032229200374E10020E171 /* RemoveToTheRootViewController.swift */,
			);
			name = _RemoveToTheRoot;
			sourceTree = "<group>";
		};
		B06688E41F13EAB300A02878 /* _Images */ = {
			isa = PBXGroup;
			children = (
				B0A073C31F3B7562001B8CC6 /* nslayoutconstraint.png */,
				B0A073C51F3B7707001B8CC6 /* uibutton.png */,
				B0A073C71F3B7954001B8CC6 /* UIImageView.png */,
				B0A073C91F3B7978001B8CC6 /* UILabel.png */,
				B0A073CB1F3B79A8001B8CC6 /* UIScrollView.png */,
				B0A073CD1F3B79EE001B8CC6 /* UITextView.png */,
				B0A073C11F3B741B001B8CC6 /* uiview.png */,
				B0A073CF1F3B7A3F001B8CC6 /* UIViewController.png */,
			);
			name = _Images;
			sourceTree = "<group>";
		};
		B06688E51F13EAB800A02878 /* _Gifs */ = {
			isa = PBXGroup;
			children = (
			);
			name = _Gifs;
			sourceTree = "<group>";
		};
		B0BBEDAB1FBB4684000CBD87 /* _ScrollToBottom */ = {
			isa = PBXGroup;
			children = (
				B0BBEDAD1FBB46A2000CBD87 /* ScrollToBottomViewController.swift */,
			);
			name = _ScrollToBottom;
			sourceTree = "<group>";
		};
		FFB7B80810C01F136E7DE7D8 /* Pods */ = {
			isa = PBXGroup;
			children = (
				02237C3924CDA9B9ADD6620C /* Pods-APExtensions_Example.debug.xcconfig */,
				99E1AC5C268B8B21D4383758 /* Pods-APExtensions_Example.release.xcconfig */,
				06C843E967CF077415EBF867 /* Pods-APExtensions_Tests.debug.xcconfig */,
				6DD9873A2D21E9C32B4D7142 /* Pods-APExtensions_Tests.release.xcconfig */,
				895151147DD030FCD8CDF572 /* Pods-APExtensions_Example-APExtensions_UITests.debug.xcconfig */,
				F69F65646AB6281CC2F972B1 /* Pods-APExtensions_Example-APExtensions_UITests.release.xcconfig */,
			);
			path = Pods;
			sourceTree = "<group>";
		};
/* End PBXGroup section */

/* Begin PBXNativeTarget section */
		0D15797D23C2308A007402BD /* APExtensions_UITests */ = {
			isa = PBXNativeTarget;
			buildConfigurationList = 0D15798523C2308A007402BD /* Build configuration list for PBXNativeTarget "APExtensions_UITests" */;
			buildPhases = (
				0D15797A23C2308A007402BD /* Sources */,
				0D15797B23C2308A007402BD /* Frameworks */,
				0D15797C23C2308A007402BD /* Resources */,
			);
			buildRules = (
			);
			dependencies = (
				0D15798423C2308A007402BD /* PBXTargetDependency */,
			);
			name = APExtensions_UITests;
			productName = APExtensions_UITests;
			productReference = 0D15797E23C2308A007402BD /* APExtensions_UITests.xctest */;
			productType = "com.apple.product-type.bundle.ui-testing";
		};
		607FACCF1AFB9204008FA782 /* APExtensions_Example */ = {
			isa = PBXNativeTarget;
			buildConfigurationList = 607FACEF1AFB9204008FA782 /* Build configuration list for PBXNativeTarget "APExtensions_Example" */;
			buildPhases = (
				27A34D562F2ADC9F49B2D5C8 /* [CP] Check Pods Manifest.lock */,
				607FACCC1AFB9204008FA782 /* Sources */,
				607FACCD1AFB9204008FA782 /* Frameworks */,
				607FACCE1AFB9204008FA782 /* Resources */,
				8F9CE044CBE1A596088B8880 /* [CP] Embed Pods Frameworks */,
			);
			buildRules = (
			);
			dependencies = (
			);
			name = APExtensions_Example;
			productName = APExtensions;
			productReference = 607FACD01AFB9204008FA782 /* APExtensions_Example.app */;
			productType = "com.apple.product-type.application";
		};
		607FACE41AFB9204008FA782 /* APExtensions_Tests */ = {
			isa = PBXNativeTarget;
			buildConfigurationList = 607FACF21AFB9204008FA782 /* Build configuration list for PBXNativeTarget "APExtensions_Tests" */;
			buildPhases = (
				6A1AA37042CDAA25161D2B94 /* [CP] Check Pods Manifest.lock */,
				607FACE11AFB9204008FA782 /* Sources */,
				607FACE21AFB9204008FA782 /* Frameworks */,
				607FACE31AFB9204008FA782 /* Resources */,
				1F68C7440B481E8FE6E4B33C /* [CP] Embed Pods Frameworks */,
			);
			buildRules = (
			);
			dependencies = (
				607FACE71AFB9204008FA782 /* PBXTargetDependency */,
			);
			name = APExtensions_Tests;
			productName = Tests;
			productReference = 607FACE51AFB9204008FA782 /* APExtensions_Tests.xctest */;
			productType = "com.apple.product-type.bundle.unit-test";
		};
/* End PBXNativeTarget section */

/* Begin PBXProject section */
		607FACC81AFB9204008FA782 /* Project object */ = {
			isa = PBXProject;
			attributes = {
				DefaultBuildSystemTypeForWorkspace = Original;
				LastSwiftUpdateCheck = 1130;
				LastUpgradeCheck = 1330;
				ORGANIZATIONNAME = CocoaPods;
				TargetAttributes = {
					0D15797D23C2308A007402BD = {
						CreatedOnToolsVersion = 11.3;
						ProvisioningStyle = Manual;
						TestTargetID = 607FACCF1AFB9204008FA782;
					};
					607FACCF1AFB9204008FA782 = {
						CreatedOnToolsVersion = 6.3.1;
						LastSwiftMigration = 1020;
					};
					607FACE41AFB9204008FA782 = {
						CreatedOnToolsVersion = 6.3.1;
						LastSwiftMigration = 1020;
						ProvisioningStyle = Manual;
						TestTargetID = 607FACCF1AFB9204008FA782;
					};
				};
			};
			buildConfigurationList = 607FACCB1AFB9204008FA782 /* Build configuration list for PBXProject "APExtensions" */;
			compatibilityVersion = "Xcode 3.2";
			developmentRegion = en;
			hasScannedForEncodings = 0;
			knownRegions = (
				en,
				Base,
			);
			mainGroup = 607FACC71AFB9204008FA782;
			productRefGroup = 607FACD11AFB9204008FA782 /* Products */;
			projectDirPath = "";
			projectRoot = "";
			targets = (
				607FACCF1AFB9204008FA782 /* APExtensions_Example */,
				607FACE41AFB9204008FA782 /* APExtensions_Tests */,
				0D15797D23C2308A007402BD /* APExtensions_UITests */,
			);
		};
/* End PBXProject section */

/* Begin PBXResourcesBuildPhase section */
		0D15797C23C2308A007402BD /* Resources */ = {
			isa = PBXResourcesBuildPhase;
			buildActionMask = 2147483647;
			files = (
			);
			runOnlyForDeploymentPostprocessing = 0;
		};
		607FACCE1AFB9204008FA782 /* Resources */ = {
			isa = PBXResourcesBuildPhase;
			buildActionMask = 2147483647;
			files = (
				B0A073D01F3B7A3F001B8CC6 /* UIViewController.png in Resources */,
				607FACDB1AFB9204008FA782 /* Main.storyboard in Resources */,
				B0A073C41F3B7563001B8CC6 /* nslayoutconstraint.png in Resources */,
				B0A073C61F3B7708001B8CC6 /* uibutton.png in Resources */,
				B0A073C21F3B741B001B8CC6 /* uiview.png in Resources */,
				B0A073CA1F3B7978001B8CC6 /* UILabel.png in Resources */,
				607FACE01AFB9204008FA782 /* LaunchScreen.xib in Resources */,
				B0A073C81F3B7954001B8CC6 /* UIImageView.png in Resources */,
				607FACDD1AFB9204008FA782 /* Images.xcassets in Resources */,
				B0A073CC1F3B79A8001B8CC6 /* UIScrollView.png in Resources */,
				B0A073CE1F3B79EE001B8CC6 /* UITextView.png in Resources */,
			);
			runOnlyForDeploymentPostprocessing = 0;
		};
		607FACE31AFB9204008FA782 /* Resources */ = {
			isa = PBXResourcesBuildPhase;
			buildActionMask = 2147483647;
			files = (
			);
			runOnlyForDeploymentPostprocessing = 0;
		};
/* End PBXResourcesBuildPhase section */

/* Begin PBXShellScriptBuildPhase section */
		1F68C7440B481E8FE6E4B33C /* [CP] Embed Pods Frameworks */ = {
			isa = PBXShellScriptBuildPhase;
			buildActionMask = 2147483647;
			files = (
			);
			inputPaths = (
				"${PODS_ROOT}/Target Support Files/Pods-APExtensions_Tests/Pods-APExtensions_Tests-frameworks.sh",
				"${BUILT_PRODUCTS_DIR}/Nimble/Nimble.framework",
				"${BUILT_PRODUCTS_DIR}/Quick/Quick.framework",
			);
			name = "[CP] Embed Pods Frameworks";
			outputPaths = (
				"${TARGET_BUILD_DIR}/${FRAMEWORKS_FOLDER_PATH}/Nimble.framework",
				"${TARGET_BUILD_DIR}/${FRAMEWORKS_FOLDER_PATH}/Quick.framework",
			);
			runOnlyForDeploymentPostprocessing = 0;
			shellPath = /bin/sh;
			shellScript = "\"${PODS_ROOT}/Target Support Files/Pods-APExtensions_Tests/Pods-APExtensions_Tests-frameworks.sh\"\n";
			showEnvVarsInLog = 0;
		};
		27A34D562F2ADC9F49B2D5C8 /* [CP] Check Pods Manifest.lock */ = {
			isa = PBXShellScriptBuildPhase;
			buildActionMask = 2147483647;
			files = (
			);
			inputFileListPaths = (
			);
			inputPaths = (
				"${PODS_PODFILE_DIR_PATH}/Podfile.lock",
				"${PODS_ROOT}/Manifest.lock",
			);
			name = "[CP] Check Pods Manifest.lock";
			outputFileListPaths = (
			);
			outputPaths = (
				"$(DERIVED_FILE_DIR)/Pods-APExtensions_Example-checkManifestLockResult.txt",
			);
			runOnlyForDeploymentPostprocessing = 0;
			shellPath = /bin/sh;
			shellScript = "diff \"${PODS_PODFILE_DIR_PATH}/Podfile.lock\" \"${PODS_ROOT}/Manifest.lock\" > /dev/null\nif [ $? != 0 ] ; then\n    # print error to STDERR\n    echo \"error: The sandbox is not in sync with the Podfile.lock. Run 'pod install' or update your CocoaPods installation.\" >&2\n    exit 1\nfi\n# This output is used by Xcode 'outputs' to avoid re-running this script phase.\necho \"SUCCESS\" > \"${SCRIPT_OUTPUT_FILE_0}\"\n";
			showEnvVarsInLog = 0;
		};
		6A1AA37042CDAA25161D2B94 /* [CP] Check Pods Manifest.lock */ = {
			isa = PBXShellScriptBuildPhase;
			buildActionMask = 2147483647;
			files = (
			);
			inputFileListPaths = (
			);
			inputPaths = (
				"${PODS_PODFILE_DIR_PATH}/Podfile.lock",
				"${PODS_ROOT}/Manifest.lock",
			);
			name = "[CP] Check Pods Manifest.lock";
			outputFileListPaths = (
			);
			outputPaths = (
				"$(DERIVED_FILE_DIR)/Pods-APExtensions_Tests-checkManifestLockResult.txt",
			);
			runOnlyForDeploymentPostprocessing = 0;
			shellPath = /bin/sh;
			shellScript = "diff \"${PODS_PODFILE_DIR_PATH}/Podfile.lock\" \"${PODS_ROOT}/Manifest.lock\" > /dev/null\nif [ $? != 0 ] ; then\n    # print error to STDERR\n    echo \"error: The sandbox is not in sync with the Podfile.lock. Run 'pod install' or update your CocoaPods installation.\" >&2\n    exit 1\nfi\n# This output is used by Xcode 'outputs' to avoid re-running this script phase.\necho \"SUCCESS\" > \"${SCRIPT_OUTPUT_FILE_0}\"\n";
			showEnvVarsInLog = 0;
		};
		8F9CE044CBE1A596088B8880 /* [CP] Embed Pods Frameworks */ = {
			isa = PBXShellScriptBuildPhase;
			buildActionMask = 2147483647;
			files = (
			);
			inputPaths = (
				"${PODS_ROOT}/Target Support Files/Pods-APExtensions_Example/Pods-APExtensions_Example-frameworks.sh",
				"${BUILT_PRODUCTS_DIR}/APExtensions/APExtensions.framework",
				"${BUILT_PRODUCTS_DIR}/RoutableLogger/RoutableLogger.framework",
			);
			name = "[CP] Embed Pods Frameworks";
			outputPaths = (
				"${TARGET_BUILD_DIR}/${FRAMEWORKS_FOLDER_PATH}/APExtensions.framework",
				"${TARGET_BUILD_DIR}/${FRAMEWORKS_FOLDER_PATH}/RoutableLogger.framework",
			);
			runOnlyForDeploymentPostprocessing = 0;
			shellPath = /bin/sh;
			shellScript = "\"${PODS_ROOT}/Target Support Files/Pods-APExtensions_Example/Pods-APExtensions_Example-frameworks.sh\"\n";
			showEnvVarsInLog = 0;
		};
/* End PBXShellScriptBuildPhase section */

/* Begin PBXSourcesBuildPhase section */
		0D15797A23C2308A007402BD /* Sources */ = {
			isa = PBXSourcesBuildPhase;
			buildActionMask = 2147483647;
			files = (
				0D15798123C2308A007402BD /* APExtensions_UITests.swift in Sources */,
			);
			runOnlyForDeploymentPostprocessing = 0;
		};
		607FACCC1AFB9204008FA782 /* Sources */ = {
			isa = PBXSourcesBuildPhase;
			buildActionMask = 2147483647;
			files = (
				0D6869E92555D3CC00C1D884 /* CustomPageSizeVC.swift in Sources */,
				607FACD81AFB9204008FA782 /* ViewController.swift in Sources */,
				B086B4EE1F4353FD00D7B4B7 /* SetupOnceProtocolExample.swift in Sources */,
				607FACD61AFB9204008FA782 /* AppDelegate.swift in Sources */,
				B003222B200374E10020E171 /* RemoveToTheRootViewController.swift in Sources */,
				B0BBEDAF1FBB46A2000CBD87 /* ScrollToBottomViewController.swift in Sources */,
			);
			runOnlyForDeploymentPostprocessing = 0;
		};
		607FACE11AFB9204008FA782 /* Sources */ = {
			isa = PBXSourcesBuildPhase;
			buildActionMask = 2147483647;
			files = (
				0D20D61C2607449F00767851 /* Bundle_Spec.swift in Sources */,
				0D11DF6E26D4405600FA8C7C /* Occupiable_Spec.swift in Sources */,
				0D1410D92205FF3A002BB8C5 /* String_asURL_Spec.swift in Sources */,
				0D15797923C22FF7007402BD /* Constants_isRunningUnitTests_Spec.swift in Sources */,
			);
			runOnlyForDeploymentPostprocessing = 0;
		};
/* End PBXSourcesBuildPhase section */

/* Begin PBXTargetDependency section */
		0D15798423C2308A007402BD /* PBXTargetDependency */ = {
			isa = PBXTargetDependency;
			target = 607FACCF1AFB9204008FA782 /* APExtensions_Example */;
			targetProxy = 0D15798323C2308A007402BD /* PBXContainerItemProxy */;
		};
		607FACE71AFB9204008FA782 /* PBXTargetDependency */ = {
			isa = PBXTargetDependency;
			target = 607FACCF1AFB9204008FA782 /* APExtensions_Example */;
			targetProxy = 607FACE61AFB9204008FA782 /* PBXContainerItemProxy */;
		};
/* End PBXTargetDependency section */

/* Begin PBXVariantGroup section */
		607FACD91AFB9204008FA782 /* Main.storyboard */ = {
			isa = PBXVariantGroup;
			children = (
				607FACDA1AFB9204008FA782 /* Base */,
			);
			name = Main.storyboard;
			sourceTree = "<group>";
		};
		607FACDE1AFB9204008FA782 /* LaunchScreen.xib */ = {
			isa = PBXVariantGroup;
			children = (
				607FACDF1AFB9204008FA782 /* Base */,
			);
			name = LaunchScreen.xib;
			sourceTree = "<group>";
		};
/* End PBXVariantGroup section */

/* Begin XCBuildConfiguration section */
		0D15798623C2308A007402BD /* Debug */ = {
			isa = XCBuildConfiguration;
			buildSettings = {
				CLANG_ANALYZER_NONNULL = YES;
				CLANG_ANALYZER_NUMBER_OBJECT_CONVERSION = YES_AGGRESSIVE;
				CLANG_CXX_LANGUAGE_STANDARD = "gnu++14";
				CLANG_ENABLE_OBJC_WEAK = YES;
				CLANG_WARN_DOCUMENTATION_COMMENTS = YES;
				CLANG_WARN_UNGUARDED_AVAILABILITY = YES_AGGRESSIVE;
				"CODE_SIGN_IDENTITY[sdk=macosx*]" = "-";
				CODE_SIGN_STYLE = Manual;
				DEBUG_INFORMATION_FORMAT = dwarf;
				DEVELOPMENT_TEAM = "";
				GCC_C_LANGUAGE_STANDARD = gnu11;
				INFOPLIST_FILE = UITests/Info.plist;
				LD_RUNPATH_SEARCH_PATHS = "$(inherited) @executable_path/Frameworks @loader_path/Frameworks";
				MTL_ENABLE_DEBUG_INFO = INCLUDE_SOURCE;
				MTL_FAST_MATH = YES;
				PRODUCT_BUNDLE_IDENTIFIER = "com.anton-plebanovich.APExtensions-UITests";
				PRODUCT_NAME = "$(TARGET_NAME)";
				PROVISIONING_PROFILE = "";
				PROVISIONING_PROFILE_SPECIFIER = "";
				"PROVISIONING_PROFILE_SPECIFIER[sdk=macosx*]" = "";
				SWIFT_ACTIVE_COMPILATION_CONDITIONS = DEBUG;
				SWIFT_VERSION = 5.0;
				TARGETED_DEVICE_FAMILY = "1,2";
				TEST_TARGET_NAME = APExtensions_Example;
			};
			name = Debug;
		};
		0D15798723C2308A007402BD /* Release */ = {
			isa = XCBuildConfiguration;
			buildSettings = {
				CLANG_ANALYZER_NONNULL = YES;
				CLANG_ANALYZER_NUMBER_OBJECT_CONVERSION = YES_AGGRESSIVE;
				CLANG_CXX_LANGUAGE_STANDARD = "gnu++14";
				CLANG_ENABLE_OBJC_WEAK = YES;
				CLANG_WARN_DOCUMENTATION_COMMENTS = YES;
				CLANG_WARN_UNGUARDED_AVAILABILITY = YES_AGGRESSIVE;
				"CODE_SIGN_IDENTITY[sdk=macosx*]" = "-";
				CODE_SIGN_STYLE = Manual;
				DEVELOPMENT_TEAM = "";
				GCC_C_LANGUAGE_STANDARD = gnu11;
				INFOPLIST_FILE = UITests/Info.plist;
				LD_RUNPATH_SEARCH_PATHS = "$(inherited) @executable_path/Frameworks @loader_path/Frameworks";
				MTL_FAST_MATH = YES;
				PRODUCT_BUNDLE_IDENTIFIER = "com.anton-plebanovich.APExtensions-UITests";
				PRODUCT_NAME = "$(TARGET_NAME)";
				PROVISIONING_PROFILE = "";
				PROVISIONING_PROFILE_SPECIFIER = "";
				"PROVISIONING_PROFILE_SPECIFIER[sdk=macosx*]" = "";
				SWIFT_VERSION = 5.0;
				TARGETED_DEVICE_FAMILY = "1,2";
				TEST_TARGET_NAME = APExtensions_Example;
			};
			name = Release;
		};
		607FACED1AFB9204008FA782 /* Debug */ = {
			isa = XCBuildConfiguration;
			buildSettings = {
				ALWAYS_SEARCH_USER_PATHS = NO;
				CLANG_ANALYZER_LOCALIZABILITY_NONLOCALIZED = YES;
				CLANG_CXX_LANGUAGE_STANDARD = "gnu++0x";
				CLANG_CXX_LIBRARY = "libc++";
				CLANG_ENABLE_MODULES = YES;
				CLANG_ENABLE_OBJC_ARC = YES;
				CLANG_WARN_BLOCK_CAPTURE_AUTORELEASING = YES;
				CLANG_WARN_BOOL_CONVERSION = YES;
				CLANG_WARN_COMMA = YES;
				CLANG_WARN_CONSTANT_CONVERSION = YES;
				CLANG_WARN_DEPRECATED_OBJC_IMPLEMENTATIONS = YES;
				CLANG_WARN_DIRECT_OBJC_ISA_USAGE = YES_ERROR;
				CLANG_WARN_EMPTY_BODY = YES;
				CLANG_WARN_ENUM_CONVERSION = YES;
				CLANG_WARN_INFINITE_RECURSION = YES;
				CLANG_WARN_INT_CONVERSION = YES;
				CLANG_WARN_NON_LITERAL_NULL_CONVERSION = YES;
				CLANG_WARN_OBJC_IMPLICIT_RETAIN_SELF = YES;
				CLANG_WARN_OBJC_LITERAL_CONVERSION = YES;
				CLANG_WARN_OBJC_ROOT_CLASS = YES_ERROR;
				CLANG_WARN_RANGE_LOOP_ANALYSIS = YES;
				CLANG_WARN_STRICT_PROTOTYPES = YES;
				CLANG_WARN_SUSPICIOUS_MOVE = YES;
				CLANG_WARN_UNREACHABLE_CODE = YES;
				CLANG_WARN__DUPLICATE_METHOD_MATCH = YES;
				"CODE_SIGN_IDENTITY[sdk=iphoneos*]" = "iPhone Developer";
				COPY_PHASE_STRIP = NO;
				DEBUG_INFORMATION_FORMAT = "dwarf-with-dsym";
				ENABLE_STRICT_OBJC_MSGSEND = YES;
				ENABLE_TESTABILITY = YES;
				GCC_C_LANGUAGE_STANDARD = gnu99;
				GCC_DYNAMIC_NO_PIC = NO;
				GCC_NO_COMMON_BLOCKS = YES;
				GCC_OPTIMIZATION_LEVEL = 0;
				GCC_PREPROCESSOR_DEFINITIONS = (
					"DEBUG=1",
					"$(inherited)",
				);
				GCC_SYMBOLS_PRIVATE_EXTERN = NO;
				GCC_WARN_64_TO_32_BIT_CONVERSION = YES;
				GCC_WARN_ABOUT_RETURN_TYPE = YES_ERROR;
				GCC_WARN_UNDECLARED_SELECTOR = YES;
				GCC_WARN_UNINITIALIZED_AUTOS = YES_AGGRESSIVE;
				GCC_WARN_UNUSED_FUNCTION = YES;
				GCC_WARN_UNUSED_VARIABLE = YES;
				IPHONEOS_DEPLOYMENT_TARGET = 9.0;
				MTL_ENABLE_DEBUG_INFO = YES;
				ONLY_ACTIVE_ARCH = YES;
				SDKROOT = iphoneos;
				SWIFT_OPTIMIZATION_LEVEL = "-Onone";
				SWIFT_SWIFT3_OBJC_INFERENCE = Default;
				SWIFT_VERSION = 5.0;
			};
			name = Debug;
		};
		607FACEE1AFB9204008FA782 /* Release */ = {
			isa = XCBuildConfiguration;
			buildSettings = {
				ALWAYS_SEARCH_USER_PATHS = NO;
				CLANG_ANALYZER_LOCALIZABILITY_NONLOCALIZED = YES;
				CLANG_CXX_LANGUAGE_STANDARD = "gnu++0x";
				CLANG_CXX_LIBRARY = "libc++";
				CLANG_ENABLE_MODULES = YES;
				CLANG_ENABLE_OBJC_ARC = YES;
				CLANG_WARN_BLOCK_CAPTURE_AUTORELEASING = YES;
				CLANG_WARN_BOOL_CONVERSION = YES;
				CLANG_WARN_COMMA = YES;
				CLANG_WARN_CONSTANT_CONVERSION = YES;
				CLANG_WARN_DEPRECATED_OBJC_IMPLEMENTATIONS = YES;
				CLANG_WARN_DIRECT_OBJC_ISA_USAGE = YES_ERROR;
				CLANG_WARN_EMPTY_BODY = YES;
				CLANG_WARN_ENUM_CONVERSION = YES;
				CLANG_WARN_INFINITE_RECURSION = YES;
				CLANG_WARN_INT_CONVERSION = YES;
				CLANG_WARN_NON_LITERAL_NULL_CONVERSION = YES;
				CLANG_WARN_OBJC_IMPLICIT_RETAIN_SELF = YES;
				CLANG_WARN_OBJC_LITERAL_CONVERSION = YES;
				CLANG_WARN_OBJC_ROOT_CLASS = YES_ERROR;
				CLANG_WARN_RANGE_LOOP_ANALYSIS = YES;
				CLANG_WARN_STRICT_PROTOTYPES = YES;
				CLANG_WARN_SUSPICIOUS_MOVE = YES;
				CLANG_WARN_UNREACHABLE_CODE = YES;
				CLANG_WARN__DUPLICATE_METHOD_MATCH = YES;
				"CODE_SIGN_IDENTITY[sdk=iphoneos*]" = "iPhone Developer";
				COPY_PHASE_STRIP = NO;
				DEBUG_INFORMATION_FORMAT = "dwarf-with-dsym";
				ENABLE_NS_ASSERTIONS = NO;
				ENABLE_STRICT_OBJC_MSGSEND = YES;
				GCC_C_LANGUAGE_STANDARD = gnu99;
				GCC_NO_COMMON_BLOCKS = YES;
				GCC_WARN_64_TO_32_BIT_CONVERSION = YES;
				GCC_WARN_ABOUT_RETURN_TYPE = YES_ERROR;
				GCC_WARN_UNDECLARED_SELECTOR = YES;
				GCC_WARN_UNINITIALIZED_AUTOS = YES_AGGRESSIVE;
				GCC_WARN_UNUSED_FUNCTION = YES;
				GCC_WARN_UNUSED_VARIABLE = YES;
				IPHONEOS_DEPLOYMENT_TARGET = 9.0;
				MTL_ENABLE_DEBUG_INFO = NO;
				SDKROOT = iphoneos;
				SWIFT_OPTIMIZATION_LEVEL = "-Owholemodule";
				SWIFT_SWIFT3_OBJC_INFERENCE = Default;
				SWIFT_VERSION = 5.0;
				VALIDATE_PRODUCT = YES;
			};
			name = Release;
		};
		607FACF01AFB9204008FA782 /* Debug */ = {
			isa = XCBuildConfiguration;
			baseConfigurationReference = 02237C3924CDA9B9ADD6620C /* Pods-APExtensions_Example.debug.xcconfig */;
			buildSettings = {
				ASSETCATALOG_COMPILER_APPICON_NAME = AppIcon;
				CURRENT_PROJECT_VERSION = 1217;
				DEVELOPMENT_TEAM = "";
				INFOPLIST_FILE = APExtensions/Info.plist;
				LD_RUNPATH_SEARCH_PATHS = "$(inherited) @executable_path/Frameworks";
				MARKETING_VERSION = 9.0.2;
				MODULE_NAME = ExampleApp;
				PRODUCT_BUNDLE_IDENTIFIER = "com.anton-plebanovich.APExtensions-Example${DEVELOPMENT_TEAM}";
				PRODUCT_NAME = "$(TARGET_NAME)";
				TARGETED_DEVICE_FAMILY = "1,2";
			};
			name = Debug;
		};
		607FACF11AFB9204008FA782 /* Release */ = {
			isa = XCBuildConfiguration;
			baseConfigurationReference = 99E1AC5C268B8B21D4383758 /* Pods-APExtensions_Example.release.xcconfig */;
			buildSettings = {
				ASSETCATALOG_COMPILER_APPICON_NAME = AppIcon;
				CURRENT_PROJECT_VERSION = 1217;
				DEVELOPMENT_TEAM = "";
				INFOPLIST_FILE = APExtensions/Info.plist;
				LD_RUNPATH_SEARCH_PATHS = "$(inherited) @executable_path/Frameworks";
				MARKETING_VERSION = 9.0.2;
				MODULE_NAME = ExampleApp;
				PRODUCT_BUNDLE_IDENTIFIER = "com.anton-plebanovich.APExtensions-Example${DEVELOPMENT_TEAM}";
				PRODUCT_NAME = "$(TARGET_NAME)";
				TARGETED_DEVICE_FAMILY = "1,2";
			};
			name = Release;
		};
		607FACF31AFB9204008FA782 /* Debug */ = {
			isa = XCBuildConfiguration;
			baseConfigurationReference = 06C843E967CF077415EBF867 /* Pods-APExtensions_Tests.debug.xcconfig */;
			buildSettings = {
				"CODE_SIGN_IDENTITY[sdk=macosx*]" = "-";
				CODE_SIGN_STYLE = Manual;
				DEVELOPMENT_TEAM = "";
				FRAMEWORK_SEARCH_PATHS = "$(inherited)";
				GCC_PREPROCESSOR_DEFINITIONS = (
					"DEBUG=1",
					"$(inherited)",
				);
				INFOPLIST_FILE = Tests/Info.plist;
				LD_RUNPATH_SEARCH_PATHS = "$(inherited) @executable_path/Frameworks @loader_path/Frameworks";
				PRODUCT_BUNDLE_IDENTIFIER = "com.anton-plebanovich.$(PRODUCT_NAME:rfc1034identifier)${DEVELOPMENT_TEAM}";
				PRODUCT_NAME = "$(TARGET_NAME)";
				PROVISIONING_PROFILE_SPECIFIER = "";
				"PROVISIONING_PROFILE_SPECIFIER[sdk=macosx*]" = "";
				TEST_HOST = "$(BUILT_PRODUCTS_DIR)/APExtensions_Example.app/APExtensions_Example";
			};
			name = Debug;
		};
		607FACF41AFB9204008FA782 /* Release */ = {
			isa = XCBuildConfiguration;
			baseConfigurationReference = 6DD9873A2D21E9C32B4D7142 /* Pods-APExtensions_Tests.release.xcconfig */;
			buildSettings = {
				"CODE_SIGN_IDENTITY[sdk=macosx*]" = "-";
				CODE_SIGN_STYLE = Manual;
				DEVELOPMENT_TEAM = "";
				FRAMEWORK_SEARCH_PATHS = "$(inherited)";
				INFOPLIST_FILE = Tests/Info.plist;
				LD_RUNPATH_SEARCH_PATHS = "$(inherited) @executable_path/Frameworks @loader_path/Frameworks";
				PRODUCT_BUNDLE_IDENTIFIER = "com.anton-plebanovich.$(PRODUCT_NAME:rfc1034identifier)${DEVELOPMENT_TEAM}";
				PRODUCT_NAME = "$(TARGET_NAME)";
				PROVISIONING_PROFILE_SPECIFIER = "";
				"PROVISIONING_PROFILE_SPECIFIER[sdk=macosx*]" = "";
				TEST_HOST = "$(BUILT_PRODUCTS_DIR)/APExtensions_Example.app/APExtensions_Example";
			};
			name = Release;
		};
/* End XCBuildConfiguration section */

/* Begin XCConfigurationList section */
		0D15798523C2308A007402BD /* Build configuration list for PBXNativeTarget "APExtensions_UITests" */ = {
			isa = XCConfigurationList;
			buildConfigurations = (
				0D15798623C2308A007402BD /* Debug */,
				0D15798723C2308A007402BD /* Release */,
			);
			defaultConfigurationIsVisible = 0;
			defaultConfigurationName = Release;
		};
		607FACCB1AFB9204008FA782 /* Build configuration list for PBXProject "APExtensions" */ = {
			isa = XCConfigurationList;
			buildConfigurations = (
				607FACED1AFB9204008FA782 /* Debug */,
				607FACEE1AFB9204008FA782 /* Release */,
			);
			defaultConfigurationIsVisible = 0;
			defaultConfigurationName = Release;
		};
		607FACEF1AFB9204008FA782 /* Build configuration list for PBXNativeTarget "APExtensions_Example" */ = {
			isa = XCConfigurationList;
			buildConfigurations = (
				607FACF01AFB9204008FA782 /* Debug */,
				607FACF11AFB9204008FA782 /* Release */,
			);
			defaultConfigurationIsVisible = 0;
			defaultConfigurationName = Release;
		};
		607FACF21AFB9204008FA782 /* Build configuration list for PBXNativeTarget "APExtensions_Tests" */ = {
			isa = XCConfigurationList;
			buildConfigurations = (
				607FACF31AFB9204008FA782 /* Debug */,
				607FACF41AFB9204008FA782 /* Release */,
			);
			defaultConfigurationIsVisible = 0;
			defaultConfigurationName = Release;
		};
/* End XCConfigurationList section */
	};
	rootObject = 607FACC81AFB9204008FA782 /* Project object */;
}
