PODS:
  - APExtensions (7.0.1):
    - APExtensions/Abstractions (= 7.0.1)
    - APExtensions/Core (= 7.0.1)
    - APExtensions/Storyboard (= 7.0.1)
    - APExtensions/ViewConfiguration (= 7.0.1)
  - APExtensions/Abstractions (7.0.1)
  - APExtensions/Core (7.0.1)
  - APExtensions/Storyboard (7.0.1)
  - APExtensions/ViewConfiguration (7.0.1)
  - Nimble (8.0.4)
  - Quick (2.2.0)

DEPENDENCIES:
  - APExtensions (from `../`)
  - Nimble
  - Quick

SPEC REPOS:
  trunk:
    - Nimble
    - Quick

EXTERNAL SOURCES:
  APExtensions:
    :path: "../"

SPEC CHECKSUMS:
  APExtensions: 681fbb94d87100ff8eeb74e78ace0ff9612979e9
  Nimble: 18d5360282923225d62b09d781f63abc1a0111fc
  Quick: 7fb19e13be07b5dfb3b90d4f9824c855a11af40e

PODFILE CHECKSUM: 974674c4301af37974294b668ba6935745a5d7d0

COCOAPODS: 1.8.4
